// !$*UTF8*$!
{
	archiveVersion = 1;
	classes = {
	};
	objectVersion = 55;
	objects = {

/* Begin PBXBuildFile section */
		C0DB629D281386BC00A0FB04 /* AppDelegate.swift in Sources */ = {isa = PBXBuildFile; fileRef = C0DB629C281386BC00A0FB04 /* AppDelegate.swift */; };
		C0DB629F281386BC00A0FB04 /* ContentView.swift in Sources */ = {isa = PBXBuildFile; fileRef = C0DB629E281386BC00A0FB04 /* ContentView.swift */; };
		C0DB62A3281386BD00A0FB04 /* Assets.xcassets in Resources */ = {isa = PBXBuildFile; fileRef = C0DB62A2281386BD00A0FB04 /* Assets.xcassets */; };
		C0DB62A6281386BD00A0FB04 /* Preview Assets.xcassets in Resources */ = {isa = PBXBuildFile; fileRef = C0DB62A5281386BD00A0FB04 /* Preview Assets.xcassets */; };
		C0DB62B32813B24400A0FB04 /* teapot.usdz in Resources */ = {isa = PBXBuildFile; fileRef = C0DB62AD2813B24400A0FB04 /* teapot.usdz */; };
		C0DB62B42813B24400A0FB04 /* flower_tulip.usdz in Resources */ = {isa = PBXBuildFile; fileRef = C0DB62AE2813B24400A0FB04 /* flower_tulip.usdz */; };
		C0DB62B52813B24400A0FB04 /* tv_retro.usdz in Resources */ = {isa = PBXBuildFile; fileRef = C0DB62AF2813B24400A0FB04 /* tv_retro.usdz */; };
		C0DB62B62813B24400A0FB04 /* gramophone.usdz in Resources */ = {isa = PBXBuildFile; fileRef = C0DB62B02813B24400A0FB04 /* gramophone.usdz */; };
		C0DB62B72813B24400A0FB04 /* chair_swan.usdz in Resources */ = {isa = PBXBuildFile; fileRef = C0DB62B12813B24400A0FB04 /* chair_swan.usdz */; };
		C0DB62B82813B24400A0FB04 /* toy_biplane.usdz in Resources */ = {isa = PBXBuildFile; fileRef = C0DB62B22813B24400A0FB04 /* toy_biplane.usdz */; };
		C0DB62BB2813BB4E00A0FB04 /* ARViewContainer.swift in Sources */ = {isa = PBXBuildFile; fileRef = C0DB62BA2813BB4E00A0FB04 /* ARViewContainer.swift */; };
		C0DB62BD2813BBC400A0FB04 /* PickerImageView.swift in Sources */ = {isa = PBXBuildFile; fileRef = C0DB62BC2813BBC400A0FB04 /* PickerImageView.swift */; };
		C0DB62BF2813BDB300A0FB04 /* ScrollModelView.swift in Sources */ = {isa = PBXBuildFile; fileRef = C0DB62BE2813BDB300A0FB04 /* ScrollModelView.swift */; };
/* End PBXBuildFile section */

/* Begin PBXFileReference section */
		C0DB6299281386BC00A0FB04 /* AR Model Place.app */ = {isa = PBXFileReference; explicitFileType = wrapper.application; includeInIndex = 0; path = "AR Model Place.app"; sourceTree = BUILT_PRODUCTS_DIR; };
		C0DB629C281386BC00A0FB04 /* AppDelegate.swift */ = {isa = PBXFileReference; lastKnownFileType = sourcecode.swift; path = AppDelegate.swift; sourceTree = "<group>"; };
		C0DB629E281386BC00A0FB04 /* ContentView.swift */ = {isa = PBXFileReference; lastKnownFileType = sourcecode.swift; path = ContentView.swift; sourceTree = "<group>"; };
		C0DB62A2281386BD00A0FB04 /* Assets.xcassets */ = {isa = PBXFileReference; lastKnownFileType = folder.assetcatalog; path = Assets.xcassets; sourceTree = "<group>"; };
		C0DB62A5281386BD00A0FB04 /* Preview Assets.xcassets */ = {isa = PBXFileReference; lastKnownFileType = folder.assetcatalog; path = "Preview Assets.xcassets"; sourceTree = "<group>"; };
		C0DB62AD2813B24400A0FB04 /* teapot.usdz */ = {isa = PBXFileReference; lastKnownFileType = file.usdz; name = teapot.usdz; path = 3DModels/teapot.usdz; sourceTree = SOURCE_ROOT; };
		C0DB62AE2813B24400A0FB04 /* flower_tulip.usdz */ = {isa = PBXFileReference; lastKnownFileType = file.usdz; name = flower_tulip.usdz; path = 3DModels/flower_tulip.usdz; sourceTree = SOURCE_ROOT; };
		C0DB62AF2813B24400A0FB04 /* tv_retro.usdz */ = {isa = PBXFileReference; lastKnownFileType = file.usdz; name = tv_retro.usdz; path = 3DModels/tv_retro.usdz; sourceTree = SOURCE_ROOT; };
		C0DB62B02813B24400A0FB04 /* gramophone.usdz */ = {isa = PBXFileReference; lastKnownFileType = file.usdz; name = gramophone.usdz; path = 3DModels/gramophone.usdz; sourceTree = SOURCE_ROOT; };
		C0DB62B12813B24400A0FB04 /* chair_swan.usdz */ = {isa = PBXFileReference; lastKnownFileType = file.usdz; name = chair_swan.usdz; path = 3DModels/chair_swan.usdz; sourceTree = SOURCE_ROOT; };
		C0DB62B22813B24400A0FB04 /* toy_biplane.usdz */ = {isa = PBXFileReference; lastKnownFileType = file.usdz; name = toy_biplane.usdz; path = 3DModels/toy_biplane.usdz; sourceTree = SOURCE_ROOT; };
		C0DB62BA2813BB4E00A0FB04 /* ARViewContainer.swift */ = {isa = PBXFileReference; lastKnownFileType = sourcecode.swift; path = ARViewContainer.swift; sourceTree = "<group>"; };
		C0DB62BC2813BBC400A0FB04 /* PickerImageView.swift */ = {isa = PBXFileReference; lastKnownFileType = sourcecode.swift; path = PickerImageView.swift; sourceTree = "<group>"; };
		C0DB62BE2813BDB300A0FB04 /* ScrollModelView.swift */ = {isa = PBXFileReference; lastKnownFileType = sourcecode.swift; path = ScrollModelView.swift; sourceTree = "<group>"; };
/* End PBXFileReference section */

/* Begin PBXFrameworksBuildPhase section */
		C0DB6296281386BC00A0FB04 /* Frameworks */ = {
			isa = PBXFrameworksBuildPhase;
			buildActionMask = 2147483647;
			files = (
			);
			runOnlyForDeploymentPostprocessing = 0;
		};
/* End PBXFrameworksBuildPhase section */

/* Begin PBXGroup section */
		C0DB6290281386BC00A0FB04 = {
			isa = PBXGroup;
			children = (
				C0DB629B281386BC00A0FB04 /* AR Model Place */,
				C0DB629A281386BC00A0FB04 /* Products */,
			);
			sourceTree = "<group>";
		};
		C0DB629A281386BC00A0FB04 /* Products */ = {
			isa = PBXGroup;
			children = (
				C0DB6299281386BC00A0FB04 /* AR Model Place.app */,
			);
			name = Products;
			sourceTree = "<group>";
		};
		C0DB629B281386BC00A0FB04 /* AR Model Place */ = {
			isa = PBXGroup;
			children = (
				C0DB62B92813BAE100A0FB04 /* Views */,
				C0DB62AC2813B21900A0FB04 /* 3D Models */,
				C0DB629C281386BC00A0FB04 /* AppDelegate.swift */,
				C0DB62A2281386BD00A0FB04 /* Assets.xcassets */,
				C0DB62A4281386BD00A0FB04 /* Preview Content */,
			);
			path = "AR Model Place";
			sourceTree = "<group>";
		};
		C0DB62A4281386BD00A0FB04 /* Preview Content */ = {
			isa = PBXGroup;
			children = (
				C0DB62A5281386BD00A0FB04 /* Preview Assets.xcassets */,
			);
			path = "Preview Content";
			sourceTree = "<group>";
		};
		C0DB62AC2813B21900A0FB04 /* 3D Models */ = {
			isa = PBXGroup;
			children = (
				C0DB62B12813B24400A0FB04 /* chair_swan.usdz */,
				C0DB62AE2813B24400A0FB04 /* flower_tulip.usdz */,
				C0DB62B02813B24400A0FB04 /* gramophone.usdz */,
				C0DB62AD2813B24400A0FB04 /* teapot.usdz */,
				C0DB62B22813B24400A0FB04 /* toy_biplane.usdz */,
				C0DB62AF2813B24400A0FB04 /* tv_retro.usdz */,
			);
			path = "3D Models";
			sourceTree = "<group>";
		};
		C0DB62B92813BAE100A0FB04 /* Views */ = {
			isa = PBXGroup;
			children = (
				C0DB62BA2813BB4E00A0FB04 /* ARViewContainer.swift */,
				C0DB629E281386BC00A0FB04 /* ContentView.swift */,
				C0DB62BC2813BBC400A0FB04 /* PickerImageView.swift */,
				C0DB62BE2813BDB300A0FB04 /* ScrollModelView.swift */,
			);
			path = Views;
			sourceTree = "<group>";
		};
/* End PBXGroup section */

/* Begin PBXNativeTarget section */
		C0DB6298281386BC00A0FB04 /* AR Model Place */ = {
			isa = PBXNativeTarget;
			buildConfigurationList = C0DB62A9281386BD00A0FB04 /* Build configuration list for PBXNativeTarget "AR Model Place" */;
			buildPhases = (
				C0DB6295281386BC00A0FB04 /* Sources */,
				C0DB6296281386BC00A0FB04 /* Frameworks */,
				C0DB6297281386BC00A0FB04 /* Resources */,
			);
			buildRules = (
			);
			dependencies = (
			);
			name = "AR Model Place";
			productName = "AR Model Place";
			productReference = C0DB6299281386BC00A0FB04 /* AR Model Place.app */;
			productType = "com.apple.product-type.application";
		};
/* End PBXNativeTarget section */

/* Begin PBXProject section */
		C0DB6291281386BC00A0FB04 /* Project object */ = {
			isa = PBXProject;
			attributes = {
				BuildIndependentTargetsInParallel = 1;
				LastSwiftUpdateCheck = 1330;
				LastUpgradeCheck = 1330;
				TargetAttributes = {
					C0DB6298281386BC00A0FB04 = {
						CreatedOnToolsVersion = 13.3.1;
					};
				};
			};
			buildConfigurationList = C0DB6294281386BC00A0FB04 /* Build configuration list for PBXProject "AR Model Place" */;
			compatibilityVersion = "Xcode 13.0";
			developmentRegion = en;
			hasScannedForEncodings = 0;
			knownRegions = (
				en,
				Base,
			);
			mainGroup = C0DB6290281386BC00A0FB04;
			productRefGroup = C0DB629A281386BC00A0FB04 /* Products */;
			projectDirPath = "";
			projectRoot = "";
			targets = (
				C0DB6298281386BC00A0FB04 /* AR Model Place */,
			);
		};
/* End PBXProject section */

/* Begin PBXResourcesBuildPhase section */
		C0DB6297281386BC00A0FB04 /* Resources */ = {
			isa = PBXResourcesBuildPhase;
			buildActionMask = 2147483647;
			files = (
				C0DB62B32813B24400A0FB04 /* teapot.usdz in Resources */,
				C0DB62B62813B24400A0FB04 /* gramophone.usdz in Resources */,
				C0DB62B82813B24400A0FB04 /* toy_biplane.usdz in Resources */,
				C0DB62B42813B24400A0FB04 /* flower_tulip.usdz in Resources */,
				C0DB62A6281386BD00A0FB04 /* Preview Assets.xcassets in Resources */,
				C0DB62B52813B24400A0FB04 /* tv_retro.usdz in Resources */,
				C0DB62A3281386BD00A0FB04 /* Assets.xcassets in Resources */,
				C0DB62B72813B24400A0FB04 /* chair_swan.usdz in Resources */,
			);
			runOnlyForDeploymentPostprocessing = 0;
		};
/* End PBXResourcesBuildPhase section */

/* Begin PBXSourcesBuildPhase section */
		C0DB6295281386BC00A0FB04 /* Sources */ = {
			isa = PBXSourcesBuildPhase;
			buildActionMask = 2147483647;
			files = (
				C0DB62BF2813BDB300A0FB04 /* ScrollModelView.swift in Sources */,
				C0DB62BD2813BBC400A0FB04 /* PickerImageView.swift in Sources */,
				C0DB629F281386BC00A0FB04 /* ContentView.swift in Sources */,
				C0DB629D281386BC00A0FB04 /* AppDelegate.swift in Sources */,
				C0DB62BB2813BB4E00A0FB04 /* ARViewContainer.swift in Sources */,
			);
			runOnlyForDeploymentPostprocessing = 0;
		};
/* End PBXSourcesBuildPhase section */

/* Begin XCBuildConfiguration section */
		C0DB62A7281386BD00A0FB04 /* Debug */ = {
			isa = XCBuildConfiguration;
			buildSettings = {
				ALWAYS_SEARCH_USER_PATHS = NO;
				CLANG_ANALYZER_NONNULL = YES;
				CLANG_ANALYZER_NUMBER_OBJECT_CONVERSION = YES_AGGRESSIVE;
				CLANG_CXX_LANGUAGE_STANDARD = "gnu++17";
				CLANG_ENABLE_MODULES = YES;
				CLANG_ENABLE_OBJC_ARC = YES;
				CLANG_ENABLE_OBJC_WEAK = YES;
				CLANG_WARN_BLOCK_CAPTURE_AUTORELEASING = YES;
				CLANG_WARN_BOOL_CONVERSION = YES;
				CLANG_WARN_COMMA = YES;
				CLANG_WARN_CONSTANT_CONVERSION = YES;
				CLANG_WARN_DEPRECATED_OBJC_IMPLEMENTATIONS = YES;
				CLANG_WARN_DIRECT_OBJC_ISA_USAGE = YES_ERROR;
				CLANG_WARN_DOCUMENTATION_COMMENTS = YES;
				CLANG_WARN_EMPTY_BODY = YES;
				CLANG_WARN_ENUM_CONVERSION = YES;
				CLANG_WARN_INFINITE_RECURSION = YES;
				CLANG_WARN_INT_CONVERSION = YES;
				CLANG_WARN_NON_LITERAL_NULL_CONVERSION = YES;
				CLANG_WARN_OBJC_IMPLICIT_RETAIN_SELF = YES;
				CLANG_WARN_OBJC_LITERAL_CONVERSION = YES;
				CLANG_WARN_OBJC_ROOT_CLASS = YES_ERROR;
				CLANG_WARN_QUOTED_INCLUDE_IN_FRAMEWORK_HEADER = YES;
				CLANG_WARN_RANGE_LOOP_ANALYSIS = YES;
				CLANG_WARN_STRICT_PROTOTYPES = YES;
				CLANG_WARN_SUSPICIOUS_MOVE = YES;
				CLANG_WARN_UNGUARDED_AVAILABILITY = YES_AGGRESSIVE;
				CLANG_WARN_UNREACHABLE_CODE = YES;
				CLANG_WARN__DUPLICATE_METHOD_MATCH = YES;
				COPY_PHASE_STRIP = NO;
				DEBUG_INFORMATION_FORMAT = dwarf;
				ENABLE_STRICT_OBJC_MSGSEND = YES;
				ENABLE_TESTABILITY = YES;
				GCC_C_LANGUAGE_STANDARD = gnu11;
				GCC_DYNAMIC_NO_PIC = NO;
				GCC_NO_COMMON_BLOCKS = YES;
				GCC_OPTIMIZATION_LEVEL = 0;
				GCC_PREPROCESSOR_DEFINITIONS = (
					"DEBUG=1",
					"$(inherited)",
				);
				GCC_WARN_64_TO_32_BIT_CONVERSION = YES;
				GCC_WARN_ABOUT_RETURN_TYPE = YES_ERROR;
				GCC_WARN_UNDECLARED_SELECTOR = YES;
				GCC_WARN_UNINITIALIZED_AUTOS = YES_AGGRESSIVE;
				GCC_WARN_UNUSED_FUNCTION = YES;
				GCC_WARN_UNUSED_VARIABLE = YES;
				IPHONEOS_DEPLOYMENT_TARGET = 15.4;
				MTL_ENABLE_DEBUG_INFO = INCLUDE_SOURCE;
				MTL_FAST_MATH = YES;
				ONLY_ACTIVE_ARCH = YES;
				SDKROOT = iphoneos;
				SWIFT_ACTIVE_COMPILATION_CONDITIONS = DEBUG;
				SWIFT_OPTIMIZATION_LEVEL = "-Onone";
			};
			name = Debug;
		};
		C0DB62A8281386BD00A0FB04 /* Release */ = {
			isa = XCBuildConfiguration;
			buildSettings = {
				ALWAYS_SEARCH_USER_PATHS = NO;
				CLANG_ANALYZER_NONNULL = YES;
				CLANG_ANALYZER_NUMBER_OBJECT_CONVERSION = YES_AGGRESSIVE;
				CLANG_CXX_LANGUAGE_STANDARD = "gnu++17";
				CLANG_ENABLE_MODULES = YES;
				CLANG_ENABLE_OBJC_ARC = YES;
				CLANG_ENABLE_OBJC_WEAK = YES;
				CLANG_WARN_BLOCK_CAPTURE_AUTORELEASING = YES;
				CLANG_WARN_BOOL_CONVERSION = YES;
				CLANG_WARN_COMMA = YES;
				CLANG_WARN_CONSTANT_CONVERSION = YES;
				CLANG_WARN_DEPRECATED_OBJC_IMPLEMENTATIONS = YES;
				CLANG_WARN_DIRECT_OBJC_ISA_USAGE = YES_ERROR;
				CLANG_WARN_DOCUMENTATION_COMMENTS = YES;
				CLANG_WARN_EMPTY_BODY = YES;
				CLANG_WARN_ENUM_CONVERSION = YES;
				CLANG_WARN_INFINITE_RECURSION = YES;
				CLANG_WARN_INT_CONVERSION = YES;
				CLANG_WARN_NON_LITERAL_NULL_CONVERSION = YES;
				CLANG_WARN_OBJC_IMPLICIT_RETAIN_SELF = YES;
				CLANG_WARN_OBJC_LITERAL_CONVERSION = YES;
				CLANG_WARN_OBJC_ROOT_CLASS = YES_ERROR;
				CLANG_WARN_QUOTED_INCLUDE_IN_FRAMEWORK_HEADER = YES;
				CLANG_WARN_RANGE_LOOP_ANALYSIS = YES;
				CLANG_WARN_STRICT_PROTOTYPES = YES;
				CLANG_WARN_SUSPICIOUS_MOVE = YES;
				CLANG_WARN_UNGUARDED_AVAILABILITY = YES_AGGRESSIVE;
				CLANG_WARN_UNREACHABLE_CODE = YES;
				CLANG_WARN__DUPLICATE_METHOD_MATCH = YES;
				COPY_PHASE_STRIP = NO;
				DEBUG_INFORMATION_FORMAT = "dwarf-with-dsym";
				ENABLE_NS_ASSERTIONS = NO;
				ENABLE_STRICT_OBJC_MSGSEND = YES;
				GCC_C_LANGUAGE_STANDARD = gnu11;
				GCC_NO_COMMON_BLOCKS = YES;
				GCC_WARN_64_TO_32_BIT_CONVERSION = YES;
				GCC_WARN_ABOUT_RETURN_TYPE = YES_ERROR;
				GCC_WARN_UNDECLARED_SELECTOR = YES;
				GCC_WARN_UNINITIALIZED_AUTOS = YES_AGGRESSIVE;
				GCC_WARN_UNUSED_FUNCTION = YES;
				GCC_WARN_UNUSED_VARIABLE = YES;
				IPHONEOS_DEPLOYMENT_TARGET = 15.4;
				MTL_ENABLE_DEBUG_INFO = NO;
				MTL_FAST_MATH = YES;
				SDKROOT = iphoneos;
				SWIFT_COMPILATION_MODE = wholemodule;
				SWIFT_OPTIMIZATION_LEVEL = "-O";
				VALIDATE_PRODUCT = YES;
			};
			name = Release;
		};
		C0DB62AA281386BD00A0FB04 /* Debug */ = {
			isa = XCBuildConfiguration;
			buildSettings = {
				ASSETCATALOG_COMPILER_APPICON_NAME = AppIcon;
				ASSETCATALOG_COMPILER_GLOBAL_ACCENT_COLOR_NAME = AccentColor;
				CODE_SIGN_STYLE = Automatic;
				CURRENT_PROJECT_VERSION = 1;
				DEVELOPMENT_ASSET_PATHS = "\"AR Model Place/Preview Content\"";
				DEVELOPMENT_TEAM = Z225784MRD;
				ENABLE_PREVIEWS = YES;
				GENERATE_INFOPLIST_FILE = YES;
				INFOPLIST_KEY_NSCameraUsageDescription = "";
				INFOPLIST_KEY_UIApplicationSupportsIndirectInputEvents = YES;
				INFOPLIST_KEY_UILaunchScreen_Generation = YES;
				INFOPLIST_KEY_UIRequiredDeviceCapabilities = arkit;
				INFOPLIST_KEY_UIStatusBarHidden = YES;
				INFOPLIST_KEY_UISupportedInterfaceOrientations_iPad = "UIInterfaceOrientationPortrait UIInterfaceOrientationPortraitUpsideDown UIInterfaceOrientationLandscapeLeft UIInterfaceOrientationLandscapeRight";
				INFOPLIST_KEY_UISupportedInterfaceOrientations_iPhone = "UIInterfaceOrientationPortrait UIInterfaceOrientationLandscapeLeft UIInterfaceOrientationLandscapeRight";
				LD_RUNPATH_SEARCH_PATHS = (
					"$(inherited)",
					"@executable_path/Frameworks",
				);
				MARKETING_VERSION = 1.0;
				PRODUCT_BUNDLE_IDENTIFIER = "PersonalProject.AR-Model-Place";
				PRODUCT_NAME = "$(TARGET_NAME)";
				SWIFT_EMIT_LOC_STRINGS = YES;
				SWIFT_VERSION = 5.0;
				TARGETED_DEVICE_FAMILY = "1,2";
			};
			name = Debug;
		};
		C0DB62AB281386BD00A0FB04 /* Release */ = {
			isa = XCBuildConfiguration;
			buildSettings = {
				ASSETCATALOG_COMPILER_APPICON_NAME = AppIcon;
				ASSETCATALOG_COMPILER_GLOBAL_ACCENT_COLOR_NAME = AccentColor;
				CODE_SIGN_STYLE = Automatic;
				CURRENT_PROJECT_VERSION = 1;
				DEVELOPMENT_ASSET_PATHS = "\"AR Model Place/Preview Content\"";
				DEVELOPMENT_TEAM = Z225784MRD;
				ENABLE_PREVIEWS = YES;
				GENERATE_INFOPLIST_FILE = YES;
				INFOPLIST_KEY_NSCameraUsageDescription = "";
				INFOPLIST_KEY_UIApplicationSupportsIndirectInputEvents = YES;
				INFOPLIST_KEY_UILaunchScreen_Generation = YES;
				INFOPLIST_KEY_UIRequiredDeviceCapabilities = arkit;
				INFOPLIST_KEY_UIStatusBarHidden = YES;
				INFOPLIST_KEY_UISupportedInterfaceOrientations_iPad = "UIInterfaceOrientationPortrait UIInterfaceOrientationPortraitUpsideDown UIInterfaceOrientationLandscapeLeft UIInterfaceOrientationLandscapeRight";
				INFOPLIST_KEY_UISupportedInterfaceOrientations_iPhone = "UIInterfaceOrientationPortrait UIInterfaceOrientationLandscapeLeft UIInterfaceOrientationLandscapeRight";
				LD_RUNPATH_SEARCH_PATHS = (
					"$(inherited)",
					"@executable_path/Frameworks",
				);
				MARKETING_VERSION = 1.0;
				PRODUCT_BUNDLE_IDENTIFIER = "PersonalProject.AR-Model-Place";
				PRODUCT_NAME = "$(TARGET_NAME)";
				SWIFT_EMIT_LOC_STRINGS = YES;
				SWIFT_VERSION = 5.0;
				TARGETED_DEVICE_FAMILY = "1,2";
			};
			name = Release;
		};
/* End XCBuildConfiguration section */

/* Begin XCConfigurationList section */
		C0DB6294281386BC00A0FB04 /* Build configuration list for PBXProject "AR Model Place" */ = {
			isa = XCConfigurationList;
			buildConfigurations = (
				C0DB62A7281386BD00A0FB04 /* Debug */,
				C0DB62A8281386BD00A0FB04 /* Release */,
			);
			defaultConfigurationIsVisible = 0;
			defaultConfigurationName = Release;
		};
		C0DB62A9281386BD00A0FB04 /* Build configuration list for PBXNativeTarget "AR Model Place" */ = {
			isa = XCConfigurationList;
			buildConfigurations = (
				C0DB62AA281386BD00A0FB04 /* Debug */,
				C0DB62AB281386BD00A0FB04 /* Release */,
			);
			defaultConfigurationIsVisible = 0;
			defaultConfigurationName = Release;
		};
/* End XCConfigurationList section */
	};
	rootObject = C0DB6291281386BC00A0FB04 /* Project object */;
}
